{
  "nodes": {
    "nixpkgs": {
      "locked": {
        "lastModified": 1788881743,
        "narHash": "sha256-2V9GZGvPfrNzxFozhI9dcqV+c3QdA8YZrvAAzqEB+dI=",
        "owner": "NixOS",
        "repo": "nixpkgs",
        "rev": "d6524aaca2ff07876657ae2b323f24be4874944b",
        "type": "github"
      },
      "original": {
        "owner": "NixOS",
        "ref": "nixos-unstable",
        "repo": "nixpkgs",
        "type": "github"
      }
    },
    "root": {
      "inputs": {
        "nixpkgs": "nixpkgs",
        "scoot": "scoot"
      }
    },
    "scoot": {
      "inputs": {
        "nixpkgs": [
          "nixpkgs"
        ]
      },
      "locked": {
        "lastModified": 1789833124,
        "narHash": "sha256-UuBnnss8NuyFSIJGZyVEjLoAvX8sz97K9f8vi1IePGU=",
        "owner": "scoot-sh",
        "repo": "scoot",
        "rev": "7e415b659853eb2394f2d2eeb603bc72a661a31e",
        "type": "github"
      },
      "original": {
        "owner": "scoot-sh",
        "repo": "scoot",
        "type": "github"
      }
    }
  },
  "root": "root",
  "version": 7
}
