{
  "nodes": {
    "nixpkgs": {
      "locked": {
        "lastModified": 1788881743,
        "narHash": "sha256-2V9GZGvPfrNzxFozhI9dcqV+c3QdA8YZrvAAzqEB+dI=",
        "owner": "NixOS",
        "repo": "nixpkgs",
        "rev": "d6524aaca2ff07876657ae2b323f24be4874944b",
        "type": "github"
      },
      "original": {
        "owner": "NixOS",
        "ref": "nixos-unstable",
        "repo": "nixpkgs",
        "type": "github"
      }
    },
    "root": {
      "inputs": {
        "nixpkgs": "nixpkgs",
        "scoot": "scoot"
      }
    },
    "scoot": {
      "inputs": {
        "nixpkgs": [
          "nixpkgs"
        ]
      },
      "locked": {
        "lastModified": 1789869206,
        "narHash": "sha256-GvgJoawXGimL641Na7jrt3CaAQttdxOd4dKfSZceabU=",
        "owner": "scoot-sh",
        "repo": "scoot",
        "rev": "4f8707cd5f8d86c02e639eefef26e58ac4081eed",
        "type": "github"
      },
      "original": {
        "owner": "scoot-sh",
        "repo": "scoot",
        "type": "github"
      }
    }
  },
  "root": "root",
  "version": 7
}
