{
  "nodes": {
    "nixpkgs": {
      "locked": {
        "lastModified": 1788881743,
        "narHash": "sha256-2V9GZGvPfrNzxFozhI9dcqV+c3QdA8YZrvAAzqEB+dI=",
        "owner": "NixOS",
        "repo": "nixpkgs",
        "rev": "d6524aaca2ff07876657ae2b323f24be4874944b",
        "type": "github"
      },
      "original": {
        "owner": "NixOS",
        "ref": "nixos-unstable",
        "repo": "nixpkgs",
        "type": "github"
      }
    },
    "root": {
      "inputs": {
        "nixpkgs": "nixpkgs",
        "scoot": "scoot"
      }
    },
    "scoot": {
      "inputs": {
        "nixpkgs": [
          "nixpkgs"
        ]
      },
      "locked": {
        "lastModified": 1790721404,
        "narHash": "sha256-lDhW9zv1Z1Ht6qt0zIRmvr/DYPLqKtg8HrT1TyLPrBo=",
        "owner": "scoot-sh",
        "repo": "scoot",
        "rev": "03398406eeb70fa63981ce9c01dfeebd66a5c52a",
        "type": "github"
      },
      "original": {
        "owner": "scoot-sh",
        "repo": "scoot",
        "type": "github"
      }
    }
  },
  "root": "root",
  "version": 7
}
